# This file is automatically @generated by Poetry 1.8.3 and should not be changed by hand.

[[package]]
name = "absl-py"
version = "2.1.0"
description = "Abseil Python Common Libraries, see https://github.com/abseil/abseil-py."
optional = false
python-versions = ">=3.7"
files = [
    {file = "absl-py-2.1.0.tar.gz", hash = "sha256:7820790efbb316739cde8b4e19357243fc3608a152024288513dd968d7d959ff"},
    {file = "absl_py-2.1.0-py3-none-any.whl", hash = "sha256:526a04eadab8b4ee719ce68f204172ead1027549089702d99b9059f129ff1308"},
]

[[package]]
name = "astropy"
version = "6.1.3"
description = "Astronomy and astrophysics core library"
optional = false
python-versions = ">=3.10"
files = [
    {file = "astropy-6.1.3-cp310-cp310-macosx_10_9_x86_64.whl", hash = "sha256:628f8a6159ab8c161e3467dbf4c5a44f3e6c9f7e6206d3b11269f005a3a1e350"},
    {file = "astropy-6.1.3-cp310-cp310-macosx_11_0_arm64.whl", hash = "sha256:2e5d4100e3ee49890066272c81b31dd024ab8c22e6c6471589c00da2cdda542e"},
    {file = "astropy-6.1.3-cp310-cp310-manylinux_2_17_aarch64.manylinux2014_aarch64.whl", hash = "sha256:4763137890389bd1453144854ea03f4acd2206adb7561f43c3d3af510225c60f"},
    {file = "astropy-6.1.3-cp310-cp310-manylinux_2_17_x86_64.manylinux2014_x86_64.whl", hash = "sha256:25c342823cf4737d83afce22e67361398fe52e018c01689de11d2350f64947ba"},
    {file = "astropy-6.1.3-cp310-cp310-musllinux_1_2_x86_64.whl", hash = "sha256:d307ea380f620fe72700f6634a6c65056277a066893e2a5a11edafa7a42c542e"},
    {file = "astropy-6.1.3-cp310-cp310-win32.whl", hash = "sha256:9a3384524cecd492ab52b6f9a3bfbc5248df1bdefead9c68413f96dec4926308"},
    {file = "astropy-6.1.3-cp310-cp310-win_amd64.whl", hash = "sha256:5b4ae53e2d94c456dac68b387488ce93892a77ed78d8d1f816b90861df34c6f6"},
    {file = "astropy-6.1.3-cp311-cp311-macosx_10_9_x86_64.whl", hash = "sha256:e81c1fcb54b11190ce84c4106d49af762aff76ec18d50fbb205c556f423c4791"},
    {file = "astropy-6.1.3-cp311-cp311-macosx_11_0_arm64.whl", hash = "sha256:51187d84d2572c3d3e16367fe2109885ca6ee68543d07f7ce8487d8ce3475f13"},
    {file = "astropy-6.1.3-cp311-cp311-manylinux_2_17_aarch64.manylinux2014_aarch64.whl", hash = "sha256:791c772c522c73a2b72e096d729ac91c1d7cdf9ac1913dd051feb9215af07a51"},
    {file = "astropy-6.1.3-cp311-cp311-manylinux_2_17_x86_64.manylinux2014_x86_64.whl", hash = "sha256:bfcf41458a057c12cd3a02c77df3502e6077cfc687cb0e84b2f2a06563640218"},
    {file = "astropy-6.1.3-cp311-cp311-musllinux_1_2_x86_64.whl", hash = "sha256:b1615f802ec70ca0707ce094e1d2dd33f3955eb437be0b08e91bfe080e50bee5"},
    {file = "astropy-6.1.3-cp311-cp311-win32.whl", hash = "sha256:11e6261d52c824ed7c45ecb816c107874dcc864de615eb3d0b2b7d8bfab12b76"},
    {file = "astropy-6.1.3-cp311-cp311-win_amd64.whl", hash = "sha256:a56594e463a38533b6072306eb584310e31bc9d7266285b1678e6284a3fda27b"},
    {file = "astropy-6.1.3-cp312-cp312-macosx_10_9_x86_64.whl", hash = "sha256:3f98b29b0a28bc233b00ffaf5269257eb61dd458b54b7a9078c590d997e01ce3"},
    {file = "astropy-6.1.3-cp312-cp312-macosx_11_0_arm64.whl", hash = "sha256:054bdc7f739c50c78425c9c31af56bf3190ef8571c164f0a751633cb7438801e"},
    {file = "astropy-6.1.3-cp312-cp312-manylinux_2_17_aarch64.manylinux2014_aarch64.whl", hash = "sha256:11191bca9fd4abd93eec73d098238a2c44d2d536d08c46b89c6acd17b8d3f8a8"},
    {file = "astropy-6.1.3-cp312-cp312-manylinux_2_17_x86_64.manylinux2014_x86_64.whl", hash = "sha256:80b5571c94e4815f3bfc6d11a294498b511b7c1a08e45c0862750b2c6bea8416"},
    {file = "astropy-6.1.3-cp312-cp312-musllinux_1_2_x86_64.whl", hash = "sha256:15f365163e4f38b2be3c23c56ffc9eb05a3f5cb6b34fe51e27ecf1739cfc698f"},
    {file = "astropy-6.1.3-cp312-cp312-win32.whl", hash = "sha256:867220fd7a05267d48b37d7b34b396191b8aae6c3102336d30c77e918283a9f3"},
    {file = "astropy-6.1.3-cp312-cp312-win_amd64.whl", hash = "sha256:b94a28adb617c0fc27a9ffcda74a9ca05b5b9188b15d0cf47fe00b2bb45de519"},
    {file = "astropy-6.1.3-cp313-cp313-macosx_10_13_x86_64.whl", hash = "sha256:8a4ae2c8d6a123bb6fd5f78a9597f555a09b63fcf9ea801f33c31a52ab7987dc"},
    {file = "astropy-6.1.3-cp313-cp313-macosx_11_0_arm64.whl", hash = "sha256:1569bb0505d65023159f7dd61dd7e6cecad6683e27cf66b2bd21b8b361e6c464"},
    {file = "astropy-6.1.3-cp313-cp313-manylinux_2_17_aarch64.manylinux2014_aarch64.whl", hash = "sha256:e6bfb987d512bbd70ec0c33ac023598594d35711bdb730cfaf3d8985d338155b"},
    {file = "astropy-6.1.3-cp313-cp313-manylinux_2_17_x86_64.manylinux2014_x86_64.whl", hash = "sha256:26f77cff0328a134dc085d4c984eee3685d5276ca5721f63c810df9a781eaf77"},
    {file = "astropy-6.1.3-cp313-cp313-musllinux_1_2_x86_64.whl", hash = "sha256:dde5b7e14d48e280643676a4821767a79e90bc3433ab81f40921eb36b49cf6da"},
    {file = "astropy-6.1.3-cp313-cp313-win32.whl", hash = "sha256:2731fe07420ebfa920e3adc61ee3ec81c1582822280c009f4ce555ec14d0b6fc"},
    {file = "astropy-6.1.3-cp313-cp313-win_amd64.whl", hash = "sha256:638198a3f07bf14d1286bb749d2e7b0fb116bcdfa3ca8b2439337838b7b18f60"},
    {file = "astropy-6.1.3.tar.gz", hash = "sha256:9ac834cdedc1f6b5ce6f941f7bfbbfc58fca861eb172bcf72dd90aff8f750970"},
]

[package.dependencies]
astropy-iers-data = ">=0.2024.7.29.0.32.7"
numpy = ">=1.23"
packaging = ">=19.0"
pyerfa = ">=2.0.1.1"
PyYAML = ">=3.13"

[package.extras]
all = ["asdf-astropy (>=0.3)", "astropy[recommended]", "astropy[typing]", "beautifulsoup4", "bleach", "bottleneck", "certifi", "dask[array]", "fsspec[http] (>=2023.4.0)", "h5py", "html5lib", "ipython (>=4.2)", "jplephem", "mpmath", "pandas", "pre-commit", "pyarrow (>=7.0.0)", "pytest (>=7.0)", "pytz", "s3fs (>=2023.4.0)", "sortedcontainers"]
docs = ["Jinja2 (>=3.1.3)", "astropy[recommended]", "matplotlib (>=3.9.1)", "numpy (<2.0)", "pytest (>=7.0)", "sphinx", "sphinx-astropy[confv2] (>=1.9.1)", "sphinx-changelog (>=1.2.0)", "sphinx-design", "sphinxcontrib-globalsubs (>=0.1.1)", "tomli"]
recommended = ["matplotlib (>=3.3,!=3.4.0,!=3.5.2)", "scipy (>=1.8)"]
test = ["pytest (>=7.0)", "pytest-astropy (>=0.10)", "pytest-astropy-header (>=0.2.1)", "pytest-doctestplus (>=0.12)", "pytest-xdist", "threadpoolctl"]
test-all = ["array-api-strict", "astropy[test]", "coverage[toml]", "ipython (>=4.2)", "objgraph", "sgp4 (>=2.3)", "skyfield (>=1.20)"]
typing = ["typing-extensions (>=4.0.0)"]

[[package]]
name = "astropy-iers-data"
version = "0.2024.9.16.0.32.21"
description = "IERS Earth Rotation and Leap Second tables for the astropy core package"
optional = false
python-versions = ">=3.8"
files = [
    {file = "astropy_iers_data-0.2024.9.16.0.32.21-py3-none-any.whl", hash = "sha256:adf111e1b596470c4437fa44cf767e56f6d4bc2e93068871fd0b30c73476d430"},
    {file = "astropy_iers_data-0.2024.9.16.0.32.21.tar.gz", hash = "sha256:2ff6fe868a623e616953a432698b05dd6adac9683d21ac780bfbb94e78f7c344"},
]

[package.extras]
docs = ["pytest"]
test = ["hypothesis", "pytest", "pytest-remotedata"]

[[package]]
name = "chex"
version = "0.1.86"
description = "Chex: Testing made fun, in JAX!"
optional = false
python-versions = ">=3.9"
files = [
    {file = "chex-0.1.86-py3-none-any.whl", hash = "sha256:251c20821092323a3d9c28e1cf80e4a58180978bec368f531949bd9847eee568"},
    {file = "chex-0.1.86.tar.gz", hash = "sha256:e8b0f96330eba4144659e1617c0f7a57b161e8cbb021e55c6d5056c7378091d1"},
]

[package.dependencies]
absl-py = ">=0.9.0"
jax = ">=0.4.16"
jaxlib = ">=0.1.37"
numpy = ">=1.24.1"
setuptools = {version = "*", markers = "python_version >= \"3.12\""}
toolz = ">=0.9.0"
typing-extensions = ">=4.2.0"

[[package]]
name = "etils"
version = "1.9.4"
description = "Collection of common python utils"
optional = false
python-versions = ">=3.10"
files = [
    {file = "etils-1.9.4-py3-none-any.whl", hash = "sha256:4387e7a4911a3b5cc4b92b99a9211386d176b43bae1dac8e2fe345fc2cb95e4b"},
    {file = "etils-1.9.4.tar.gz", hash = "sha256:fad950414f0a1ca58c70c70915b0014f9953dd9bcf8aa951a0f75ff9becbeb24"},
]

[package.dependencies]
typing_extensions = {version = "*", optional = true, markers = "extra == \"epy\""}

[package.extras]
all = ["etils[array-types]", "etils[eapp]", "etils[ecolab]", "etils[edc]", "etils[enp]", "etils[epath-gcs]", "etils[epath-s3]", "etils[epath]", "etils[epy]", "etils[etqdm]", "etils[etree-dm]", "etils[etree-jax]", "etils[etree-tf]", "etils[etree]"]
array-types = ["etils[enp]"]
dev = ["chex", "optree", "pydantic", "pyink", "pylint (>=2.6.0)", "pytest", "pytest-subtests", "pytest-xdist", "tensorflow_datasets", "torch"]
docs = ["etils[all,dev]", "sphinx-apitree[ext]"]
eapp = ["absl-py", "etils[epy]", "simple_parsing"]
ecolab = ["etils[enp]", "etils[epy]", "etils[etree]", "jupyter", "mediapy", "numpy", "packaging", "protobuf"]
edc = ["etils[epy]"]
enp = ["etils[epy]", "numpy"]
epath = ["etils[epy]", "fsspec", "importlib_resources", "typing_extensions", "zipp"]
epath-gcs = ["etils[epath]", "gcsfs"]
epath-s3 = ["etils[epath]", "s3fs"]
epy = ["typing_extensions"]
etqdm = ["absl-py", "etils[epy]", "tqdm"]
etree = ["etils[array-types]", "etils[enp]", "etils[epy]", "etils[etqdm]"]
etree-dm = ["dm-tree", "etils[etree]"]
etree-jax = ["etils[etree]", "jax[cpu]"]
etree-tf = ["etils[etree]", "tensorflow"]
lazy-imports = ["etils[ecolab]"]

[[package]]
name = "jax"
version = "0.4.31"
description = "Differentiate, compile, and transform Numpy code."
optional = false
python-versions = ">=3.10"
files = [
    {file = "jax-0.4.31-py3-none-any.whl", hash = "sha256:5688703735133d0dc537e99a1d646198a49c9d472d4715fde4bd437c44151bd7"},
    {file = "jax-0.4.31.tar.gz", hash = "sha256:fd2d470643a0073d822737f0788f71391656af7e62cc5b2e7995ee390ceac287"},
]

[package.dependencies]
jaxlib = ">=0.4.30,<=0.4.31"
ml-dtypes = ">=0.2.0"
numpy = [
    {version = ">=1.26.0", markers = "python_version >= \"3.12\""},
    {version = ">=1.24", markers = "python_version < \"3.12\""},
]
opt-einsum = "*"
scipy = [
    {version = ">=1.11.1", markers = "python_version >= \"3.12\""},
    {version = ">=1.10", markers = "python_version < \"3.12\""},
]

[package.extras]
ci = ["jaxlib (==0.4.30)"]
cuda = ["jax-cuda12-plugin[with-cuda] (==0.4.31)", "jaxlib (==0.4.31)"]
cuda12 = ["jax-cuda12-plugin[with-cuda] (==0.4.31)", "jaxlib (==0.4.31)"]
cuda12-local = ["jax-cuda12-plugin (==0.4.31)", "jaxlib (==0.4.31)"]
cuda12-pip = ["jax-cuda12-plugin[with-cuda] (==0.4.31)", "jaxlib (==0.4.31)"]
minimum-jaxlib = ["jaxlib (==0.4.30)"]
tpu = ["jaxlib (==0.4.31)", "libtpu-nightly (==0.1.dev20240729)", "requests"]

[[package]]
name = "jaxlib"
version = "0.4.31"
description = "XLA library for JAX"
optional = false
python-versions = ">=3.10"
files = [
    {file = "jaxlib-0.4.31-cp310-cp310-macosx_10_14_x86_64.whl", hash = "sha256:48ea73cb78341bd4aabbb15e1a076ed61505ec80ab8eb4810e2d34758c400f80"},
    {file = "jaxlib-0.4.31-cp310-cp310-macosx_11_0_arm64.whl", hash = "sha256:bacb86012f9104dd71706266420fd1e5d179d826d0635c95fe31506d605b4537"},
    {file = "jaxlib-0.4.31-cp310-cp310-manylinux2014_aarch64.whl", hash = "sha256:d019023f71dba65127a3016ddc755de4b30f5bc9bd5b632a716a5fb3b00c5e53"},
    {file = "jaxlib-0.4.31-cp310-cp310-manylinux2014_x86_64.whl", hash = "sha256:1b8e9e6970ecc08bd8b4d80c03d882f4dcd4ac119cb2959811ebc58fce1c263d"},
    {file = "jaxlib-0.4.31-cp310-cp310-win_amd64.whl", hash = "sha256:d3540a557c188d23ef93760da482b158ca910124a0445263c3b17c09c114538a"},
    {file = "jaxlib-0.4.31-cp311-cp311-macosx_10_14_x86_64.whl", hash = "sha256:1fd838ff91ea58ec2bdc7b4ecbb921ad501a318fafdeae120e6e7f88f5c20b17"},
    {file = "jaxlib-0.4.31-cp311-cp311-macosx_11_0_arm64.whl", hash = "sha256:86340df8b37729f6fc5742f17761857bb9e59c418c9453e9b090f49f6194cdf9"},
    {file = "jaxlib-0.4.31-cp311-cp311-manylinux2014_aarch64.whl", hash = "sha256:2d2639d210b0b1918dfaabbcc504fc668326e1a6fd1f0eb427c40b039188bbce"},
    {file = "jaxlib-0.4.31-cp311-cp311-manylinux2014_x86_64.whl", hash = "sha256:1db6f8ea35b884f9e7761b006ee9c60ed05be6c75d2e527551f74579cbe11677"},
    {file = "jaxlib-0.4.31-cp311-cp311-win_amd64.whl", hash = "sha256:ceec494df08aaf65b8bbcbd40dd21a6579fa76ca5b851cce46fd7ce0388c0449"},
    {file = "jaxlib-0.4.31-cp312-cp312-macosx_10_14_x86_64.whl", hash = "sha256:185fb615ab6bd95315fbcbd951d84e71f9835d603db8c03c91faee98ce95ff4d"},
    {file = "jaxlib-0.4.31-cp312-cp312-macosx_11_0_arm64.whl", hash = "sha256:c9f89c185287e40ee8173a7142d6495311e772cd139a93dca93f0d99c1872832"},
    {file = "jaxlib-0.4.31-cp312-cp312-manylinux2014_aarch64.whl", hash = "sha256:4d867a1a0565b31cfdaabbec81e0302c6461bb2ac4b92c04670328d795819803"},
    {file = "jaxlib-0.4.31-cp312-cp312-manylinux2014_x86_64.whl", hash = "sha256:1f1afa5fd58a60f67f0ca586e26714aece62eaa2c8334c24d0e8285afc4a7ccd"},
    {file = "jaxlib-0.4.31-cp312-cp312-win_amd64.whl", hash = "sha256:c4bfd15315e30525514b7262d555bea00745b09ac9818bb14c20ef8afbbab072"},
]

[package.dependencies]
ml-dtypes = ">=0.2.0"
numpy = ">=1.24"
scipy = [
    {version = ">=1.11.1", markers = "python_version >= \"3.12\""},
    {version = ">=1.10", markers = "python_version < \"3.12\""},
]

[[package]]
name = "ml-dtypes"
version = "0.5.0"
description = ""
optional = false
python-versions = ">=3.9"
files = [
    {file = "ml_dtypes-0.5.0-cp310-cp310-macosx_10_9_universal2.whl", hash = "sha256:8c32138975797e681eb175996d64356bcfa124bdbb6a70460b9768c2b35a6fa4"},
    {file = "ml_dtypes-0.5.0-cp310-cp310-manylinux_2_17_aarch64.manylinux2014_aarch64.whl", hash = "sha256:ab046f2ff789b1f11b2491909682c5d089934835f9a760fafc180e47dcb676b8"},
    {file = "ml_dtypes-0.5.0-cp310-cp310-manylinux_2_17_x86_64.manylinux2014_x86_64.whl", hash = "sha256:c7a9152f5876fef565516aa5dd1dccd6fc298a5891b2467973905103eb5c7856"},
    {file = "ml_dtypes-0.5.0-cp310-cp310-win_amd64.whl", hash = "sha256:968fede07d1f9b926a63df97d25ac656cac1a57ebd33701734eaf704bc55d8d8"},
    {file = "ml_dtypes-0.5.0-cp311-cp311-macosx_10_9_universal2.whl", hash = "sha256:60275f2b51b56834e840c4809fca840565f9bf8e9a73f6d8c94f5b5935701215"},
    {file = "ml_dtypes-0.5.0-cp311-cp311-manylinux_2_17_aarch64.manylinux2014_aarch64.whl", hash = "sha256:76942f6aeb5c40766d5ea62386daa4148e6a54322aaf5b53eae9e7553240222f"},
    {file = "ml_dtypes-0.5.0-cp311-cp311-manylinux_2_17_x86_64.manylinux2014_x86_64.whl", hash = "sha256:2e7534392682c3098bc7341648c650864207169c654aed83143d7a19c67ae06f"},
    {file = "ml_dtypes-0.5.0-cp311-cp311-win_amd64.whl", hash = "sha256:dc74fd9995513d33eac63d64e436240f5494ec74d522a9f0920194942fc3d2d7"},
    {file = "ml_dtypes-0.5.0-cp312-cp312-macosx_10_9_universal2.whl", hash = "sha256:d4b1a70a3e5219790d6b55b9507606fc4e02911d1497d16c18dd721eb7efe7d0"},
    {file = "ml_dtypes-0.5.0-cp312-cp312-manylinux_2_17_aarch64.manylinux2014_aarch64.whl", hash = "sha256:a988bac6572630e1e9c2edd9b1277b4eefd1c86209e52b0d061b775ac33902ff"},
    {file = "ml_dtypes-0.5.0-cp312-cp312-manylinux_2_17_x86_64.manylinux2014_x86_64.whl", hash = "sha256:a38df8df61194aeaae1ab7579075779b4ad32cd1cffd012c28be227fa7f2a70a"},
    {file = "ml_dtypes-0.5.0-cp312-cp312-win_amd64.whl", hash = "sha256:afa08343069874a30812871d639f9c02b4158ace065601406a493a8511180c02"},
    {file = "ml_dtypes-0.5.0-cp313-cp313-macosx_10_13_universal2.whl", hash = "sha256:d3b3db9990c3840986a0e70524e122cfa32b91139c3653df76121ba7776e015f"},
    {file = "ml_dtypes-0.5.0-cp313-cp313-manylinux_2_17_aarch64.manylinux2014_aarch64.whl", hash = "sha256:e04fde367b2fe901b1d47234426fe8819909bd1dd862a5adb630f27789c20599"},
    {file = "ml_dtypes-0.5.0-cp313-cp313-manylinux_2_17_x86_64.manylinux2014_x86_64.whl", hash = "sha256:54415257f00eb44fbcc807454efac3356f75644f1cbfc2d4e5522a72ae1dacab"},
    {file = "ml_dtypes-0.5.0-cp313-cp313-win_amd64.whl", hash = "sha256:cb5cc7b25acabd384f75bbd78892d0c724943f3e2e1986254665a1aa10982e07"},
    {file = "ml_dtypes-0.5.0-cp39-cp39-macosx_10_9_universal2.whl", hash = "sha256:5f2b59233a0dbb6a560b3137ed6125433289ccba2f8d9c3695a52423a369ed15"},
    {file = "ml_dtypes-0.5.0-cp39-cp39-manylinux_2_17_aarch64.manylinux2014_aarch64.whl", hash = "sha256:099e09edd54e676903b4538f3815b5ab96f5b119690514602d96bfdb67172cbe"},
    {file = "ml_dtypes-0.5.0-cp39-cp39-manylinux_2_17_x86_64.manylinux2014_x86_64.whl", hash = "sha256:a03fc861b86cc586728e3d093ba37f0cc05e65330c3ebd7688e7bae8290f8859"},
    {file = "ml_dtypes-0.5.0-cp39-cp39-win_amd64.whl", hash = "sha256:7ee9c320bb0f9ffdf9f6fa6a696ef2e005d1f66438d6f1c1457338e00a02e8cf"},
    {file = "ml_dtypes-0.5.0.tar.gz", hash = "sha256:3e7d3a380fe73a63c884f06136f8baa7a5249cc8e9fdec677997dd78549f8128"},
]

[package.dependencies]
numpy = [
    {version = ">=2.1.0", markers = "python_version >= \"3.13\""},
    {version = ">=1.26.0", markers = "python_version >= \"3.12\" and python_version < \"3.13\""},
    {version = ">=1.23.3", markers = "python_version >= \"3.11\" and python_version < \"3.12\""},
]

[package.extras]
dev = ["absl-py", "pyink", "pylint (>=2.6.0)", "pytest", "pytest-xdist"]

[[package]]
name = "numpy"
version = "2.1.1"
description = "Fundamental package for array computing in Python"
optional = false
python-versions = ">=3.10"
files = [
    {file = "numpy-2.1.1-cp310-cp310-macosx_10_9_x86_64.whl", hash = "sha256:c8a0e34993b510fc19b9a2ce7f31cb8e94ecf6e924a40c0c9dd4f62d0aac47d9"},
    {file = "numpy-2.1.1-cp310-cp310-macosx_11_0_arm64.whl", hash = "sha256:7dd86dfaf7c900c0bbdcb8b16e2f6ddf1eb1fe39c6c8cca6e94844ed3152a8fd"},
    {file = "numpy-2.1.1-cp310-cp310-macosx_14_0_arm64.whl", hash = "sha256:5889dd24f03ca5a5b1e8a90a33b5a0846d8977565e4ae003a63d22ecddf6782f"},
    {file = "numpy-2.1.1-cp310-cp310-macosx_14_0_x86_64.whl", hash = "sha256:59ca673ad11d4b84ceb385290ed0ebe60266e356641428c845b39cd9df6713ab"},
    {file = "numpy-2.1.1-cp310-cp310-manylinux_2_17_aarch64.manylinux2014_aarch64.whl", hash = "sha256:13ce49a34c44b6de5241f0b38b07e44c1b2dcacd9e36c30f9c2fcb1bb5135db7"},
    {file = "numpy-2.1.1-cp310-cp310-manylinux_2_17_x86_64.manylinux2014_x86_64.whl", hash = "sha256:913cc1d311060b1d409e609947fa1b9753701dac96e6581b58afc36b7ee35af6"},
    {file = "numpy-2.1.1-cp310-cp310-musllinux_1_1_x86_64.whl", hash = "sha256:caf5d284ddea7462c32b8d4a6b8af030b6c9fd5332afb70e7414d7fdded4bfd0"},
    {file = "numpy-2.1.1-cp310-cp310-musllinux_1_2_aarch64.whl", hash = "sha256:57eb525e7c2a8fdee02d731f647146ff54ea8c973364f3b850069ffb42799647"},
    {file = "numpy-2.1.1-cp310-cp310-win32.whl", hash = "sha256:9a8e06c7a980869ea67bbf551283bbed2856915f0a792dc32dd0f9dd2fb56728"},
    {file = "numpy-2.1.1-cp310-cp310-win_amd64.whl", hash = "sha256:d10c39947a2d351d6d466b4ae83dad4c37cd6c3cdd6d5d0fa797da56f710a6ae"},
    {file = "numpy-2.1.1-cp311-cp311-macosx_10_9_x86_64.whl", hash = "sha256:0d07841fd284718feffe7dd17a63a2e6c78679b2d386d3e82f44f0108c905550"},
    {file = "numpy-2.1.1-cp311-cp311-macosx_11_0_arm64.whl", hash = "sha256:b5613cfeb1adfe791e8e681128f5f49f22f3fcaa942255a6124d58ca59d9528f"},
    {file = "numpy-2.1.1-cp311-cp311-macosx_14_0_arm64.whl", hash = "sha256:0b8cc2715a84b7c3b161f9ebbd942740aaed913584cae9cdc7f8ad5ad41943d0"},
    {file = "numpy-2.1.1-cp311-cp311-macosx_14_0_x86_64.whl", hash = "sha256:b49742cdb85f1f81e4dc1b39dcf328244f4d8d1ded95dea725b316bd2cf18c95"},
    {file = "numpy-2.1.1-cp311-cp311-manylinux_2_17_aarch64.manylinux2014_aarch64.whl", hash = "sha256:e8d5f8a8e3bc87334f025194c6193e408903d21ebaeb10952264943a985066ca"},
    {file = "numpy-2.1.1-cp311-cp311-manylinux_2_17_x86_64.manylinux2014_x86_64.whl", hash = "sha256:d51fc141ddbe3f919e91a096ec739f49d686df8af254b2053ba21a910ae518bf"},
    {file = "numpy-2.1.1-cp311-cp311-musllinux_1_1_x86_64.whl", hash = "sha256:98ce7fb5b8063cfdd86596b9c762bf2b5e35a2cdd7e967494ab78a1fa7f8b86e"},
    {file = "numpy-2.1.1-cp311-cp311-musllinux_1_2_aarch64.whl", hash = "sha256:24c2ad697bd8593887b019817ddd9974a7f429c14a5469d7fad413f28340a6d2"},
    {file = "numpy-2.1.1-cp311-cp311-win32.whl", hash = "sha256:397bc5ce62d3fb73f304bec332171535c187e0643e176a6e9421a6e3eacef06d"},
    {file = "numpy-2.1.1-cp311-cp311-win_amd64.whl", hash = "sha256:ae8ce252404cdd4de56dcfce8b11eac3c594a9c16c231d081fb705cf23bd4d9e"},
    {file = "numpy-2.1.1-cp312-cp312-macosx_10_9_x86_64.whl", hash = "sha256:7c803b7934a7f59563db459292e6aa078bb38b7ab1446ca38dd138646a38203e"},
    {file = "numpy-2.1.1-cp312-cp312-macosx_11_0_arm64.whl", hash = "sha256:6435c48250c12f001920f0751fe50c0348f5f240852cfddc5e2f97e007544cbe"},
    {file = "numpy-2.1.1-cp312-cp312-macosx_14_0_arm64.whl", hash = "sha256:3269c9eb8745e8d975980b3a7411a98976824e1fdef11f0aacf76147f662b15f"},
    {file = "numpy-2.1.1-cp312-cp312-macosx_14_0_x86_64.whl", hash = "sha256:fac6e277a41163d27dfab5f4ec1f7a83fac94e170665a4a50191b545721c6521"},
    {file = "numpy-2.1.1-cp312-cp312-manylinux_2_17_aarch64.manylinux2014_aarch64.whl", hash = "sha256:fcd8f556cdc8cfe35e70efb92463082b7f43dd7e547eb071ffc36abc0ca4699b"},
    {file = "numpy-2.1.1-cp312-cp312-manylinux_2_17_x86_64.manylinux2014_x86_64.whl", hash = "sha256:d2b9cd92c8f8e7b313b80e93cedc12c0112088541dcedd9197b5dee3738c1201"},
    {file = "numpy-2.1.1-cp312-cp312-musllinux_1_1_x86_64.whl", hash = "sha256:afd9c680df4de71cd58582b51e88a61feed4abcc7530bcd3d48483f20fc76f2a"},
    {file = "numpy-2.1.1-cp312-cp312-musllinux_1_2_aarch64.whl", hash = "sha256:8661c94e3aad18e1ea17a11f60f843a4933ccaf1a25a7c6a9182af70610b2313"},
    {file = "numpy-2.1.1-cp312-cp312-win32.whl", hash = "sha256:950802d17a33c07cba7fd7c3dcfa7d64705509206be1606f196d179e539111ed"},
    {file = "numpy-2.1.1-cp312-cp312-win_amd64.whl", hash = "sha256:3fc5eabfc720db95d68e6646e88f8b399bfedd235994016351b1d9e062c4b270"},
    {file = "numpy-2.1.1-cp313-cp313-macosx_10_13_x86_64.whl", hash = "sha256:046356b19d7ad1890c751b99acad5e82dc4a02232013bd9a9a712fddf8eb60f5"},
    {file = "numpy-2.1.1-cp313-cp313-macosx_11_0_arm64.whl", hash = "sha256:6e5a9cb2be39350ae6c8f79410744e80154df658d5bea06e06e0ac5bb75480d5"},
    {file = "numpy-2.1.1-cp313-cp313-macosx_14_0_arm64.whl", hash = "sha256:d4c57b68c8ef5e1ebf47238e99bf27657511ec3f071c465f6b1bccbef12d4136"},
    {file = "numpy-2.1.1-cp313-cp313-macosx_14_0_x86_64.whl", hash = "sha256:8ae0fd135e0b157365ac7cc31fff27f07a5572bdfc38f9c2d43b2aff416cc8b0"},
    {file = "numpy-2.1.1-cp313-cp313-manylinux_2_17_aarch64.manylinux2014_aarch64.whl", hash = "sha256:981707f6b31b59c0c24bcda52e5605f9701cb46da4b86c2e8023656ad3e833cb"},
    {file = "numpy-2.1.1-cp313-cp313-manylinux_2_17_x86_64.manylinux2014_x86_64.whl", hash = "sha256:2ca4b53e1e0b279142113b8c5eb7d7a877e967c306edc34f3b58e9be12fda8df"},
    {file = "numpy-2.1.1-cp313-cp313-musllinux_1_1_x86_64.whl", hash = "sha256:e097507396c0be4e547ff15b13dc3866f45f3680f789c1a1301b07dadd3fbc78"},
    {file = "numpy-2.1.1-cp313-cp313-musllinux_1_2_aarch64.whl", hash = "sha256:f7506387e191fe8cdb267f912469a3cccc538ab108471291636a96a54e599556"},
    {file = "numpy-2.1.1-cp313-cp313-win32.whl", hash = "sha256:251105b7c42abe40e3a689881e1793370cc9724ad50d64b30b358bbb3a97553b"},
    {file = "numpy-2.1.1-cp313-cp313-win_amd64.whl", hash = "sha256:f212d4f46b67ff604d11fff7cc62d36b3e8714edf68e44e9760e19be38c03eb0"},
    {file = "numpy-2.1.1-cp313-cp313t-macosx_10_13_x86_64.whl", hash = "sha256:920b0911bb2e4414c50e55bd658baeb78281a47feeb064ab40c2b66ecba85553"},
    {file = "numpy-2.1.1-cp313-cp313t-macosx_11_0_arm64.whl", hash = "sha256:bab7c09454460a487e631ffc0c42057e3d8f2a9ddccd1e60c7bb8ed774992480"},
    {file = "numpy-2.1.1-cp313-cp313t-macosx_14_0_arm64.whl", hash = "sha256:cea427d1350f3fd0d2818ce7350095c1a2ee33e30961d2f0fef48576ddbbe90f"},
    {file = "numpy-2.1.1-cp313-cp313t-macosx_14_0_x86_64.whl", hash = "sha256:e30356d530528a42eeba51420ae8bf6c6c09559051887196599d96ee5f536468"},
    {file = "numpy-2.1.1-cp313-cp313t-manylinux_2_17_aarch64.manylinux2014_aarch64.whl", hash = "sha256:e8dfa9e94fc127c40979c3eacbae1e61fda4fe71d84869cc129e2721973231ef"},
    {file = "numpy-2.1.1-cp313-cp313t-manylinux_2_17_x86_64.manylinux2014_x86_64.whl", hash = "sha256:910b47a6d0635ec1bd53b88f86120a52bf56dcc27b51f18c7b4a2e2224c29f0f"},
    {file = "numpy-2.1.1-cp313-cp313t-musllinux_1_1_x86_64.whl", hash = "sha256:13cc11c00000848702322af4de0147ced365c81d66053a67c2e962a485b3717c"},
    {file = "numpy-2.1.1-cp313-cp313t-musllinux_1_2_aarch64.whl", hash = "sha256:53e27293b3a2b661c03f79aa51c3987492bd4641ef933e366e0f9f6c9bf257ec"},
    {file = "numpy-2.1.1-pp310-pypy310_pp73-macosx_10_15_x86_64.whl", hash = "sha256:7be6a07520b88214ea85d8ac8b7d6d8a1839b0b5cb87412ac9f49fa934eb15d5"},
    {file = "numpy-2.1.1-pp310-pypy310_pp73-macosx_14_0_x86_64.whl", hash = "sha256:52ac2e48f5ad847cd43c4755520a2317f3380213493b9d8a4c5e37f3b87df504"},
    {file = "numpy-2.1.1-pp310-pypy310_pp73-manylinux_2_17_x86_64.manylinux2014_x86_64.whl", hash = "sha256:50a95ca3560a6058d6ea91d4629a83a897ee27c00630aed9d933dff191f170cd"},
    {file = "numpy-2.1.1-pp310-pypy310_pp73-win_amd64.whl", hash = "sha256:99f4a9ee60eed1385a86e82288971a51e71df052ed0b2900ed30bc840c0f2e39"},
    {file = "numpy-2.1.1.tar.gz", hash = "sha256:d0cf7d55b1051387807405b3898efafa862997b4cba8aa5dbe657be794afeafd"},
]

[[package]]
name = "opt-einsum"
version = "3.3.0"
description = "Optimizing numpys einsum function"
optional = false
python-versions = ">=3.5"
files = [
    {file = "opt_einsum-3.3.0-py3-none-any.whl", hash = "sha256:2455e59e3947d3c275477df7f5205b30635e266fe6dc300e3d9f9646bfcea147"},
    {file = "opt_einsum-3.3.0.tar.gz", hash = "sha256:59f6475f77bbc37dcf7cd748519c0ec60722e91e63ca114e68821c0c54a46549"},
]

[package.dependencies]
numpy = ">=1.7"

[package.extras]
docs = ["numpydoc", "sphinx (==1.2.3)", "sphinx-rtd-theme", "sphinxcontrib-napoleon"]
tests = ["pytest", "pytest-cov", "pytest-pep8"]

[[package]]
name = "optax"
version = "0.2.3"
description = "A gradient processing and optimisation library in JAX."
optional = false
python-versions = ">=3.9"
files = [
    {file = "optax-0.2.3-py3-none-any.whl", hash = "sha256:083e603dcd731d7e74d99f71c12f77937dd53f79001b4c09c290e4f47dd2e94f"},
    {file = "optax-0.2.3.tar.gz", hash = "sha256:ec7ab925440b0c5a512e1f24fba0fb3e7d760a7fd5d2496d7a691e9d37da01d9"},
]

[package.dependencies]
absl-py = ">=0.7.1"
chex = ">=0.1.86"
etils = {version = "*", extras = ["epy"]}
jax = ">=0.4.27"
jaxlib = ">=0.4.27"
numpy = ">=1.18.0"

[package.extras]
docs = ["flax", "ipython (>=8.8.0)", "matplotlib (>=3.5.0)", "myst-nb (>=1.0.0)", "sphinx (>=6.0.0)", "sphinx-autodoc-typehints", "sphinx-book-theme (>=1.0.1)", "sphinx-collections (>=0.0.1)", "sphinx-gallery (>=0.14.0)", "sphinx_contributors", "sphinxcontrib-katex", "tensorflow (>=2.4.0)", "tensorflow-datasets (>=4.2.0)"]
dp-accounting = ["absl-py (>=1.0.0)", "attrs (>=21.4.0)", "mpmath (>=1.2.1)", "numpy (>=1.21.4)", "scipy (>=1.7.1)"]
examples = ["dp_accounting (>=0.4)", "flax", "ipywidgets", "tensorflow (>=2.4.0)", "tensorflow-datasets (>=4.2.0)"]
test = ["dm-tree (>=0.1.7)", "flax (>=0.5.3)", "scikit-learn", "scipy (>=1.7.1)"]

[[package]]
name = "packaging"
version = "24.1"
description = "Core utilities for Python packages"
optional = false
python-versions = ">=3.8"
files = [
    {file = "packaging-24.1-py3-none-any.whl", hash = "sha256:5b8f2217dbdbd2f7f384c41c628544e6d52f2d0f53c6d0c3ea61aa5d1d7ff124"},
    {file = "packaging-24.1.tar.gz", hash = "sha256:026ed72c8ed3fcce5bf8950572258698927fd1dbda10a5e981cdf0ac37f4f002"},
]

[[package]]
name = "pyerfa"
version = "2.0.1.4"
description = "Python bindings for ERFA"
optional = false
python-versions = ">=3.9"
files = [
    {file = "pyerfa-2.0.1.4-cp39-abi3-macosx_10_9_x86_64.whl", hash = "sha256:ff112353944bf705342741f2fe41674f97154a302b0295eaef7381af92ad2b3a"},
    {file = "pyerfa-2.0.1.4-cp39-abi3-macosx_11_0_arm64.whl", hash = "sha256:900b266a3862baa9560d6b1b184dcc14e0e76d550ff70d32336d3989b2ed18ca"},
    {file = "pyerfa-2.0.1.4-cp39-abi3-manylinux_2_17_aarch64.manylinux2014_aarch64.whl", hash = "sha256:610d2bc314e140d876b93b1287c7c81685434873c8700cc3e1596193f77d1071"},
    {file = "pyerfa-2.0.1.4-cp39-abi3-manylinux_2_17_x86_64.manylinux2014_x86_64.whl", hash = "sha256:7e4508dd7ffd7b27b7f67168643764454887e990ca9e4584824f0e3ab5884c0f"},
    {file = "pyerfa-2.0.1.4-cp39-abi3-musllinux_1_1_x86_64.whl", hash = "sha256:83a44ba84ebfc3244412ecbf1065c087c382da84f1c3eee1f2a0638d9046ac96"},
    {file = "pyerfa-2.0.1.4-cp39-abi3-win32.whl", hash = "sha256:46d3bed0ac666f08d8364b34a00b8c6595358d6c4f4532da8d13fac0e5227baa"},
    {file = "pyerfa-2.0.1.4-cp39-abi3-win_amd64.whl", hash = "sha256:bc3cf45967ac1af77a777deb050fb08bbc75256dd97ca6005e4d385358b7af40"},
    {file = "pyerfa-2.0.1.4-pp39-pypy39_pp73-macosx_10_9_x86_64.whl", hash = "sha256:88a8d0f3608a66871615bd168fcddf674dce9f7568c239a03cf8d9936161d032"},
    {file = "pyerfa-2.0.1.4-pp39-pypy39_pp73-manylinux_2_17_x86_64.manylinux2014_x86_64.whl", hash = "sha256:9045e9f786c76cb55da86ada3405c378c32b88f6e3c6296cb288496ab374b068"},
    {file = "pyerfa-2.0.1.4-pp39-pypy39_pp73-win_amd64.whl", hash = "sha256:39cf838c9a21e40d4e3183bead65b3ce6af763c4a727f87d84909c9be7d3a33c"},
    {file = "pyerfa-2.0.1.4.tar.gz", hash = "sha256:acb8a6713232ea35c04bc6e40ac4e461dfcc817d395ef2a3c8051c1a33249dd3"},
]

[package.dependencies]
numpy = ">=1.19"

[package.extras]
docs = ["sphinx-astropy (>=1.3)"]
test = ["pytest", "pytest-doctestplus (>=0.7)"]

[[package]]
name = "pyyaml"
version = "6.0.2"
description = "YAML parser and emitter for Python"
optional = false
python-versions = ">=3.8"
files = [
    {file = "PyYAML-6.0.2-cp310-cp310-macosx_10_9_x86_64.whl", hash = "sha256:0a9a2848a5b7feac301353437eb7d5957887edbf81d56e903999a75a3d743086"},
    {file = "PyYAML-6.0.2-cp310-cp310-macosx_11_0_arm64.whl", hash = "sha256:29717114e51c84ddfba879543fb232a6ed60086602313ca38cce623c1d62cfbf"},
    {file = "PyYAML-6.0.2-cp310-cp310-manylinux_2_17_aarch64.manylinux2014_aarch64.whl", hash = "sha256:8824b5a04a04a047e72eea5cec3bc266db09e35de6bdfe34c9436ac5ee27d237"},
    {file = "PyYAML-6.0.2-cp310-cp310-manylinux_2_17_s390x.manylinux2014_s390x.whl", hash = "sha256:7c36280e6fb8385e520936c3cb3b8042851904eba0e58d277dca80a5cfed590b"},
    {file = "PyYAML-6.0.2-cp310-cp310-manylinux_2_17_x86_64.manylinux2014_x86_64.whl", hash = "sha256:ec031d5d2feb36d1d1a24380e4db6d43695f3748343d99434e6f5f9156aaa2ed"},
    {file = "PyYAML-6.0.2-cp310-cp310-musllinux_1_1_aarch64.whl", hash = "sha256:936d68689298c36b53b29f23c6dbb74de12b4ac12ca6cfe0e047bedceea56180"},
    {file = "PyYAML-6.0.2-cp310-cp310-musllinux_1_1_x86_64.whl", hash = "sha256:23502f431948090f597378482b4812b0caae32c22213aecf3b55325e049a6c68"},
    {file = "PyYAML-6.0.2-cp310-cp310-win32.whl", hash = "sha256:2e99c6826ffa974fe6e27cdb5ed0021786b03fc98e5ee3c5bfe1fd5015f42b99"},
    {file = "PyYAML-6.0.2-cp310-cp310-win_amd64.whl", hash = "sha256:a4d3091415f010369ae4ed1fc6b79def9416358877534caf6a0fdd2146c87a3e"},
    {file = "PyYAML-6.0.2-cp311-cp311-macosx_10_9_x86_64.whl", hash = "sha256:cc1c1159b3d456576af7a3e4d1ba7e6924cb39de8f67111c735f6fc832082774"},
    {file = "PyYAML-6.0.2-cp311-cp311-macosx_11_0_arm64.whl", hash = "sha256:1e2120ef853f59c7419231f3bf4e7021f1b936f6ebd222406c3b60212205d2ee"},
    {file = "PyYAML-6.0.2-cp311-cp311-manylinux_2_17_aarch64.manylinux2014_aarch64.whl", hash = "sha256:5d225db5a45f21e78dd9358e58a98702a0302f2659a3c6cd320564b75b86f47c"},
    {file = "PyYAML-6.0.2-cp311-cp311-manylinux_2_17_s390x.manylinux2014_s390x.whl", hash = "sha256:5ac9328ec4831237bec75defaf839f7d4564be1e6b25ac710bd1a96321cc8317"},
    {file = "PyYAML-6.0.2-cp311-cp311-manylinux_2_17_x86_64.manylinux2014_x86_64.whl", hash = "sha256:3ad2a3decf9aaba3d29c8f537ac4b243e36bef957511b4766cb0057d32b0be85"},
    {file = "PyYAML-6.0.2-cp311-cp311-musllinux_1_1_aarch64.whl", hash = "sha256:ff3824dc5261f50c9b0dfb3be22b4567a6f938ccce4587b38952d85fd9e9afe4"},
    {file = "PyYAML-6.0.2-cp311-cp311-musllinux_1_1_x86_64.whl", hash = "sha256:797b4f722ffa07cc8d62053e4cff1486fa6dc094105d13fea7b1de7d8bf71c9e"},
    {file = "PyYAML-6.0.2-cp311-cp311-win32.whl", hash = "sha256:11d8f3dd2b9c1207dcaf2ee0bbbfd5991f571186ec9cc78427ba5bd32afae4b5"},
    {file = "PyYAML-6.0.2-cp311-cp311-win_amd64.whl", hash = "sha256:e10ce637b18caea04431ce14fabcf5c64a1c61ec9c56b071a4b7ca131ca52d44"},
    {file = "PyYAML-6.0.2-cp312-cp312-macosx_10_9_x86_64.whl", hash = "sha256:c70c95198c015b85feafc136515252a261a84561b7b1d51e3384e0655ddf25ab"},
    {file = "PyYAML-6.0.2-cp312-cp312-macosx_11_0_arm64.whl", hash = "sha256:ce826d6ef20b1bc864f0a68340c8b3287705cae2f8b4b1d932177dcc76721725"},
    {file = "PyYAML-6.0.2-cp312-cp312-manylinux_2_17_aarch64.manylinux2014_aarch64.whl", hash = "sha256:1f71ea527786de97d1a0cc0eacd1defc0985dcf6b3f17bb77dcfc8c34bec4dc5"},
    {file = "PyYAML-6.0.2-cp312-cp312-manylinux_2_17_s390x.manylinux2014_s390x.whl", hash = "sha256:9b22676e8097e9e22e36d6b7bda33190d0d400f345f23d4065d48f4ca7ae0425"},
    {file = "PyYAML-6.0.2-cp312-cp312-manylinux_2_17_x86_64.manylinux2014_x86_64.whl", hash = "sha256:80bab7bfc629882493af4aa31a4cfa43a4c57c83813253626916b8c7ada83476"},
    {file = "PyYAML-6.0.2-cp312-cp312-musllinux_1_1_aarch64.whl", hash = "sha256:0833f8694549e586547b576dcfaba4a6b55b9e96098b36cdc7ebefe667dfed48"},
    {file = "PyYAML-6.0.2-cp312-cp312-musllinux_1_1_x86_64.whl", hash = "sha256:8b9c7197f7cb2738065c481a0461e50ad02f18c78cd75775628afb4d7137fb3b"},
    {file = "PyYAML-6.0.2-cp312-cp312-win32.whl", hash = "sha256:ef6107725bd54b262d6dedcc2af448a266975032bc85ef0172c5f059da6325b4"},
    {file = "PyYAML-6.0.2-cp312-cp312-win_amd64.whl", hash = "sha256:7e7401d0de89a9a855c839bc697c079a4af81cf878373abd7dc625847d25cbd8"},
    {file = "PyYAML-6.0.2-cp313-cp313-macosx_10_13_x86_64.whl", hash = "sha256:efdca5630322a10774e8e98e1af481aad470dd62c3170801852d752aa7a783ba"},
    {file = "PyYAML-6.0.2-cp313-cp313-macosx_11_0_arm64.whl", hash = "sha256:50187695423ffe49e2deacb8cd10510bc361faac997de9efef88badc3bb9e2d1"},
    {file = "PyYAML-6.0.2-cp313-cp313-manylinux_2_17_aarch64.manylinux2014_aarch64.whl", hash = "sha256:0ffe8360bab4910ef1b9e87fb812d8bc0a308b0d0eef8c8f44e0254ab3b07133"},
    {file = "PyYAML-6.0.2-cp313-cp313-manylinux_2_17_s390x.manylinux2014_s390x.whl", hash = "sha256:17e311b6c678207928d649faa7cb0d7b4c26a0ba73d41e99c4fff6b6c3276484"},
    {file = "PyYAML-6.0.2-cp313-cp313-manylinux_2_17_x86_64.manylinux2014_x86_64.whl", hash = "sha256:70b189594dbe54f75ab3a1acec5f1e3faa7e8cf2f1e08d9b561cb41b845f69d5"},
    {file = "PyYAML-6.0.2-cp313-cp313-musllinux_1_1_aarch64.whl", hash = "sha256:41e4e3953a79407c794916fa277a82531dd93aad34e29c2a514c2c0c5fe971cc"},
    {file = "PyYAML-6.0.2-cp313-cp313-musllinux_1_1_x86_64.whl", hash = "sha256:68ccc6023a3400877818152ad9a1033e3db8625d899c72eacb5a668902e4d652"},
    {file = "PyYAML-6.0.2-cp313-cp313-win32.whl", hash = "sha256:bc2fa7c6b47d6bc618dd7fb02ef6fdedb1090ec036abab80d4681424b84c1183"},
    {file = "PyYAML-6.0.2-cp313-cp313-win_amd64.whl", hash = "sha256:8388ee1976c416731879ac16da0aff3f63b286ffdd57cdeb95f3f2e085687563"},
    {file = "PyYAML-6.0.2-cp38-cp38-macosx_10_9_x86_64.whl", hash = "sha256:24471b829b3bf607e04e88d79542a9d48bb037c2267d7927a874e6c205ca7e9a"},
    {file = "PyYAML-6.0.2-cp38-cp38-manylinux_2_17_aarch64.manylinux2014_aarch64.whl", hash = "sha256:d7fded462629cfa4b685c5416b949ebad6cec74af5e2d42905d41e257e0869f5"},
    {file = "PyYAML-6.0.2-cp38-cp38-manylinux_2_17_s390x.manylinux2014_s390x.whl", hash = "sha256:d84a1718ee396f54f3a086ea0a66d8e552b2ab2017ef8b420e92edbc841c352d"},
    {file = "PyYAML-6.0.2-cp38-cp38-manylinux_2_17_x86_64.manylinux2014_x86_64.whl", hash = "sha256:9056c1ecd25795207ad294bcf39f2db3d845767be0ea6e6a34d856f006006083"},
    {file = "PyYAML-6.0.2-cp38-cp38-musllinux_1_1_x86_64.whl", hash = "sha256:82d09873e40955485746739bcb8b4586983670466c23382c19cffecbf1fd8706"},
    {file = "PyYAML-6.0.2-cp38-cp38-win32.whl", hash = "sha256:43fa96a3ca0d6b1812e01ced1044a003533c47f6ee8aca31724f78e93ccc089a"},
    {file = "PyYAML-6.0.2-cp38-cp38-win_amd64.whl", hash = "sha256:01179a4a8559ab5de078078f37e5c1a30d76bb88519906844fd7bdea1b7729ff"},
    {file = "PyYAML-6.0.2-cp39-cp39-macosx_10_9_x86_64.whl", hash = "sha256:688ba32a1cffef67fd2e9398a2efebaea461578b0923624778664cc1c914db5d"},
    {file = "PyYAML-6.0.2-cp39-cp39-macosx_11_0_arm64.whl", hash = "sha256:a8786accb172bd8afb8be14490a16625cbc387036876ab6ba70912730faf8e1f"},
    {file = "PyYAML-6.0.2-cp39-cp39-manylinux_2_17_aarch64.manylinux2014_aarch64.whl", hash = "sha256:d8e03406cac8513435335dbab54c0d385e4a49e4945d2909a581c83647ca0290"},
    {file = "PyYAML-6.0.2-cp39-cp39-manylinux_2_17_s390x.manylinux2014_s390x.whl", hash = "sha256:f753120cb8181e736c57ef7636e83f31b9c0d1722c516f7e86cf15b7aa57ff12"},
    {file = "PyYAML-6.0.2-cp39-cp39-manylinux_2_17_x86_64.manylinux2014_x86_64.whl", hash = "sha256:3b1fdb9dc17f5a7677423d508ab4f243a726dea51fa5e70992e59a7411c89d19"},
    {file = "PyYAML-6.0.2-cp39-cp39-musllinux_1_1_aarch64.whl", hash = "sha256:0b69e4ce7a131fe56b7e4d770c67429700908fc0752af059838b1cfb41960e4e"},
    {file = "PyYAML-6.0.2-cp39-cp39-musllinux_1_1_x86_64.whl", hash = "sha256:a9f8c2e67970f13b16084e04f134610fd1d374bf477b17ec1599185cf611d725"},
    {file = "PyYAML-6.0.2-cp39-cp39-win32.whl", hash = "sha256:6395c297d42274772abc367baaa79683958044e5d3835486c16da75d2a694631"},
    {file = "PyYAML-6.0.2-cp39-cp39-win_amd64.whl", hash = "sha256:39693e1f8320ae4f43943590b49779ffb98acb81f788220ea932a6b6c51004d8"},
    {file = "pyyaml-6.0.2.tar.gz", hash = "sha256:d584d9ec91ad65861cc08d42e834324ef890a082e591037abe114850ff7bbc3e"},
]

[[package]]
name = "scipy"
version = "1.14.1"
description = "Fundamental algorithms for scientific computing in Python"
optional = false
python-versions = ">=3.10"
files = [
    {file = "scipy-1.14.1-cp310-cp310-macosx_10_13_x86_64.whl", hash = "sha256:b28d2ca4add7ac16ae8bb6632a3c86e4b9e4d52d3e34267f6e1b0c1f8d87e389"},
    {file = "scipy-1.14.1-cp310-cp310-macosx_12_0_arm64.whl", hash = "sha256:d0d2821003174de06b69e58cef2316a6622b60ee613121199cb2852a873f8cf3"},
    {file = "scipy-1.14.1-cp310-cp310-macosx_14_0_arm64.whl", hash = "sha256:8bddf15838ba768bb5f5083c1ea012d64c9a444e16192762bd858f1e126196d0"},
    {file = "scipy-1.14.1-cp310-cp310-macosx_14_0_x86_64.whl", hash = "sha256:97c5dddd5932bd2a1a31c927ba5e1463a53b87ca96b5c9bdf5dfd6096e27efc3"},
    {file = "scipy-1.14.1-cp310-cp310-manylinux_2_17_aarch64.manylinux2014_aarch64.whl", hash = "sha256:2ff0a7e01e422c15739ecd64432743cf7aae2b03f3084288f399affcefe5222d"},
    {file = "scipy-1.14.1-cp310-cp310-manylinux_2_17_x86_64.manylinux2014_x86_64.whl", hash = "sha256:8e32dced201274bf96899e6491d9ba3e9a5f6b336708656466ad0522d8528f69"},
    {file = "scipy-1.14.1-cp310-cp310-musllinux_1_2_x86_64.whl", hash = "sha256:8426251ad1e4ad903a4514712d2fa8fdd5382c978010d1c6f5f37ef286a713ad"},
    {file = "scipy-1.14.1-cp310-cp310-win_amd64.whl", hash = "sha256:a49f6ed96f83966f576b33a44257d869756df6cf1ef4934f59dd58b25e0327e5"},
    {file = "scipy-1.14.1-cp311-cp311-macosx_10_13_x86_64.whl", hash = "sha256:2da0469a4ef0ecd3693761acbdc20f2fdeafb69e6819cc081308cc978153c675"},
    {file = "scipy-1.14.1-cp311-cp311-macosx_12_0_arm64.whl", hash = "sha256:c0ee987efa6737242745f347835da2cc5bb9f1b42996a4d97d5c7ff7928cb6f2"},
    {file = "scipy-1.14.1-cp311-cp311-macosx_14_0_arm64.whl", hash = "sha256:3a1b111fac6baec1c1d92f27e76511c9e7218f1695d61b59e05e0fe04dc59617"},
    {file = "scipy-1.14.1-cp311-cp311-macosx_14_0_x86_64.whl", hash = "sha256:8475230e55549ab3f207bff11ebfc91c805dc3463ef62eda3ccf593254524ce8"},
    {file = "scipy-1.14.1-cp311-cp311-manylinux_2_17_aarch64.manylinux2014_aarch64.whl", hash = "sha256:278266012eb69f4a720827bdd2dc54b2271c97d84255b2faaa8f161a158c3b37"},
    {file = "scipy-1.14.1-cp311-cp311-manylinux_2_17_x86_64.manylinux2014_x86_64.whl", hash = "sha256:fef8c87f8abfb884dac04e97824b61299880c43f4ce675dd2cbeadd3c9b466d2"},
    {file = "scipy-1.14.1-cp311-cp311-musllinux_1_2_x86_64.whl", hash = "sha256:b05d43735bb2f07d689f56f7b474788a13ed8adc484a85aa65c0fd931cf9ccd2"},
    {file = "scipy-1.14.1-cp311-cp311-win_amd64.whl", hash = "sha256:716e389b694c4bb564b4fc0c51bc84d381735e0d39d3f26ec1af2556ec6aad94"},
    {file = "scipy-1.14.1-cp312-cp312-macosx_10_13_x86_64.whl", hash = "sha256:631f07b3734d34aced009aaf6fedfd0eb3498a97e581c3b1e5f14a04164a456d"},
    {file = "scipy-1.14.1-cp312-cp312-macosx_12_0_arm64.whl", hash = "sha256:af29a935803cc707ab2ed7791c44288a682f9c8107bc00f0eccc4f92c08d6e07"},
    {file = "scipy-1.14.1-cp312-cp312-macosx_14_0_arm64.whl", hash = "sha256:2843f2d527d9eebec9a43e6b406fb7266f3af25a751aa91d62ff416f54170bc5"},
    {file = "scipy-1.14.1-cp312-cp312-macosx_14_0_x86_64.whl", hash = "sha256:eb58ca0abd96911932f688528977858681a59d61a7ce908ffd355957f7025cfc"},
    {file = "scipy-1.14.1-cp312-cp312-manylinux_2_17_aarch64.manylinux2014_aarch64.whl", hash = "sha256:30ac8812c1d2aab7131a79ba62933a2a76f582d5dbbc695192453dae67ad6310"},
    {file = "scipy-1.14.1-cp312-cp312-manylinux_2_17_x86_64.manylinux2014_x86_64.whl", hash = "sha256:8f9ea80f2e65bdaa0b7627fb00cbeb2daf163caa015e59b7516395fe3bd1e066"},
    {file = "scipy-1.14.1-cp312-cp312-musllinux_1_2_x86_64.whl", hash = "sha256:edaf02b82cd7639db00dbff629995ef185c8df4c3ffa71a5562a595765a06ce1"},
    {file = "scipy-1.14.1-cp312-cp312-win_amd64.whl", hash = "sha256:2ff38e22128e6c03ff73b6bb0f85f897d2362f8c052e3b8ad00532198fbdae3f"},
    {file = "scipy-1.14.1-cp313-cp313-macosx_10_13_x86_64.whl", hash = "sha256:1729560c906963fc8389f6aac023739ff3983e727b1a4d87696b7bf108316a79"},
    {file = "scipy-1.14.1-cp313-cp313-macosx_12_0_arm64.whl", hash = "sha256:4079b90df244709e675cdc8b93bfd8a395d59af40b72e339c2287c91860deb8e"},
    {file = "scipy-1.14.1-cp313-cp313-macosx_14_0_arm64.whl", hash = "sha256:e0cf28db0f24a38b2a0ca33a85a54852586e43cf6fd876365c86e0657cfe7d73"},
    {file = "scipy-1.14.1-cp313-cp313-macosx_14_0_x86_64.whl", hash = "sha256:0c2f95de3b04e26f5f3ad5bb05e74ba7f68b837133a4492414b3afd79dfe540e"},
    {file = "scipy-1.14.1-cp313-cp313-manylinux_2_17_aarch64.manylinux2014_aarch64.whl", hash = "sha256:b99722ea48b7ea25e8e015e8341ae74624f72e5f21fc2abd45f3a93266de4c5d"},
    {file = "scipy-1.14.1-cp313-cp313-manylinux_2_17_x86_64.manylinux2014_x86_64.whl", hash = "sha256:5149e3fd2d686e42144a093b206aef01932a0059c2a33ddfa67f5f035bdfe13e"},
    {file = "scipy-1.14.1-cp313-cp313-musllinux_1_2_x86_64.whl", hash = "sha256:e4f5a7c49323533f9103d4dacf4e4f07078f360743dec7f7596949149efeec06"},
    {file = "scipy-1.14.1-cp313-cp313-win_amd64.whl", hash = "sha256:baff393942b550823bfce952bb62270ee17504d02a1801d7fd0719534dfb9c84"},
    {file = "scipy-1.14.1.tar.gz", hash = "sha256:5a275584e726026a5699459aa72f828a610821006228e841b94275c4a7c08417"},
]

[package.dependencies]
numpy = ">=1.23.5,<2.3"

[package.extras]
dev = ["cython-lint (>=0.12.2)", "doit (>=0.36.0)", "mypy (==1.10.0)", "pycodestyle", "pydevtool", "rich-click", "ruff (>=0.0.292)", "types-psutil", "typing_extensions"]
doc = ["jupyterlite-pyodide-kernel", "jupyterlite-sphinx (>=0.13.1)", "jupytext", "matplotlib (>=3.5)", "myst-nb", "numpydoc", "pooch", "pydata-sphinx-theme (>=0.15.2)", "sphinx (>=5.0.0,<=7.3.7)", "sphinx-design (>=0.4.0)"]
test = ["Cython", "array-api-strict (>=2.0)", "asv", "gmpy2", "hypothesis (>=6.30)", "meson", "mpmath", "ninja", "pooch", "pytest", "pytest-cov", "pytest-timeout", "pytest-xdist", "scikit-umfpack", "threadpoolctl"]

[[package]]
name = "setuptools"
version = "75.1.0"
description = "Easily download, build, install, upgrade, and uninstall Python packages"
optional = false
python-versions = ">=3.8"
files = [
    {file = "setuptools-75.1.0-py3-none-any.whl", hash = "sha256:35ab7fd3bcd95e6b7fd704e4a1539513edad446c097797f2985e0e4b960772f2"},
    {file = "setuptools-75.1.0.tar.gz", hash = "sha256:d59a21b17a275fb872a9c3dae73963160ae079f1049ed956880cd7c09b120538"},
]

[package.extras]
check = ["pytest-checkdocs (>=2.4)", "pytest-ruff (>=0.2.1)", "ruff (>=0.5.2)"]
core = ["importlib-metadata (>=6)", "importlib-resources (>=5.10.2)", "jaraco.collections", "jaraco.functools", "jaraco.text (>=3.7)", "more-itertools", "more-itertools (>=8.8)", "packaging", "packaging (>=24)", "platformdirs (>=2.6.2)", "tomli (>=2.0.1)", "wheel (>=0.43.0)"]
cover = ["pytest-cov"]
doc = ["furo", "jaraco.packaging (>=9.3)", "jaraco.tidelift (>=1.4)", "pygments-github-lexers (==0.0.5)", "pyproject-hooks (!=1.1)", "rst.linker (>=1.9)", "sphinx (>=3.5)", "sphinx-favicon", "sphinx-inline-tabs", "sphinx-lint", "sphinx-notfound-page (>=1,<2)", "sphinx-reredirects", "sphinxcontrib-towncrier", "towncrier (<24.7)"]
enabler = ["pytest-enabler (>=2.2)"]
test = ["build[virtualenv] (>=1.0.3)", "filelock (>=3.4.0)", "ini2toml[lite] (>=0.14)", "jaraco.develop (>=7.21)", "jaraco.envs (>=2.2)", "jaraco.path (>=3.2.0)", "jaraco.test", "packaging (>=23.2)", "pip (>=19.1)", "pyproject-hooks (!=1.1)", "pytest (>=6,!=8.1.*)", "pytest-home (>=0.5)", "pytest-perf", "pytest-subprocess", "pytest-timeout", "pytest-xdist (>=3)", "tomli-w (>=1.0.0)", "virtualenv (>=13.0.0)", "wheel (>=0.44.0)"]
type = ["importlib-metadata (>=7.0.2)", "jaraco.develop (>=7.21)", "mypy (==1.11.*)", "pytest-mypy"]

[[package]]
name = "toolz"
version = "0.12.1"
description = "List processing tools and functional utilities"
optional = false
python-versions = ">=3.7"
files = [
    {file = "toolz-0.12.1-py3-none-any.whl", hash = "sha256:d22731364c07d72eea0a0ad45bafb2c2937ab6fd38a3507bf55eae8744aa7d85"},
    {file = "toolz-0.12.1.tar.gz", hash = "sha256:ecca342664893f177a13dac0e6b41cbd8ac25a358e5f215316d43e2100224f4d"},
]

[[package]]
name = "typing-extensions"
version = "4.12.2"
description = "Backported and Experimental Type Hints for Python 3.8+"
optional = false
python-versions = ">=3.8"
files = [
    {file = "typing_extensions-4.12.2-py3-none-any.whl", hash = "sha256:04e5ca0351e0f3f85c6853954072df659d0d13fac324d0072316b67d7794700d"},
    {file = "typing_extensions-4.12.2.tar.gz", hash = "sha256:1a7ead55c7e559dd4dee8856e3a88b41225abfe1ce8df57b7c13915fe121ffb8"},
]

[metadata]
lock-version = "2.0"
python-versions = "^3.11"
content-hash = "43d63374b3ff6f9bd2abb23c3ced99d4629022048afd7e50b77bbcfe01f3a168"
